// !$*UTF8*$!
{
	archiveVersion = 1;
	classes = {
	};
	objectVersion = 46;
	objects = {

/* Begin PBXBuildFile section */
		1534AFC31F1D94CE00B7F270 /* QuestionData.swift in Sources */ = {isa = PBXBuildFile; fileRef = 1534AFC21F1D94CE00B7F270 /* QuestionData.swift */; };
		153920921F16CF35006F4A0C /* AppDelegate.swift in Sources */ = {isa = PBXBuildFile; fileRef = 153920911F16CF35006F4A0C /* AppDelegate.swift */; };
		153920941F16CF35006F4A0C /* ResultViewController.swift in Sources */ = {isa = PBXBuildFile; fileRef = 153920931F16CF35006F4A0C /* ResultViewController.swift */; };
		153920971F16CF35006F4A0C /* Main.storyboard in Resources */ = {isa = PBXBuildFile; fileRef = 153920951F16CF35006F4A0C /* Main.storyboard */; };
		153920991F16CF35006F4A0C /* Assets.xcassets in Resources */ = {isa = PBXBuildFile; fileRef = 153920981F16CF35006F4A0C /* Assets.xcassets */; };
		1539209C1F16CF35006F4A0C /* LaunchScreen.storyboard in Resources */ = {isa = PBXBuildFile; fileRef = 1539209A1F16CF35006F4A0C /* LaunchScreen.storyboard */; };
		153920A41F16CF7C006F4A0C /* ProjectNotes.txt in Resources */ = {isa = PBXBuildFile; fileRef = 153920A31F16CF7C006F4A0C /* ProjectNotes.txt */; };
		153920A61F17068C006F4A0C /* IntroductionViewController.swift in Sources */ = {isa = PBXBuildFile; fileRef = 153920A51F17068C006F4A0C /* IntroductionViewController.swift */; };
		153920A81F1706CE006F4A0C /* QuestionsViewController.swift in Sources */ = {isa = PBXBuildFile; fileRef = 153920A71F1706CE006F4A0C /* QuestionsViewController.swift */; };
/* End PBXBuildFile section */

/* Begin PBXFileReference section */
		1534AFC21F1D94CE00B7F270 /* QuestionData.swift */ = {isa = PBXFileReference; fileEncoding = 4; lastKnownFileType = sourcecode.swift; path = QuestionData.swift; sourceTree = "<group>"; };
		1539208E1F16CF35006F4A0C /* Personality Quiz.app */ = {isa = PBXFileReference; explicitFileType = wrapper.application; includeInIndex = 0; path = "Personality Quiz.app"; sourceTree = BUILT_PRODUCTS_DIR; };
		153920911F16CF35006F4A0C /* AppDelegate.swift */ = {isa = PBXFileReference; lastKnownFileType = sourcecode.swift; path = AppDelegate.swift; sourceTree = "<group>"; };
		153920931F16CF35006F4A0C /* ResultViewController.swift */ = {isa = PBXFileReference; lastKnownFileType = sourcecode.swift; path = ResultViewController.swift; sourceTree = "<group>"; };
		153920961F16CF35006F4A0C /* Base */ = {isa = PBXFileReference; lastKnownFileType = file.storyboard; name = Base; path = Base.lproj/Main.storyboard; sourceTree = "<group>"; };
		153920981F16CF35006F4A0C /* Assets.xcassets */ = {isa = PBXFileReference; lastKnownFileType = folder.assetcatalog; path = Assets.xcassets; sourceTree = "<group>"; };
		1539209B1F16CF35006F4A0C /* Base */ = {isa = PBXFileReference; lastKnownFileType = file.storyboard; name = Base; path = Base.lproj/LaunchScreen.storyboard; sourceTree = "<group>"; };
		1539209D1F16CF35006F4A0C /* Info.plist */ = {isa = PBXFileReference; lastKnownFileType = text.plist.xml; path = Info.plist; sourceTree = "<group>"; };
		153920A31F16CF7C006F4A0C /* ProjectNotes.txt */ = {isa = PBXFileReference; fileEncoding = 4; lastKnownFileType = text; path = ProjectNotes.txt; sourceTree = "<group>"; };
		153920A51F17068C006F4A0C /* IntroductionViewController.swift */ = {isa = PBXFileReference; fileEncoding = 4; lastKnownFileType = sourcecode.swift; path = IntroductionViewController.swift; sourceTree = "<group>"; };
		153920A71F1706CE006F4A0C /* QuestionsViewController.swift */ = {isa = PBXFileReference; fileEncoding = 4; lastKnownFileType = sourcecode.swift; path = QuestionsViewController.swift; sourceTree = "<group>"; };
/* End PBXFileReference section */

/* Begin PBXFrameworksBuildPhase section */
		1539208B1F16CF35006F4A0C /* Frameworks */ = {
			isa = PBXFrameworksBuildPhase;
			buildActionMask = 2147483647;
			files = (
			);
			runOnlyForDeploymentPostprocessing = 0;
		};
/* End PBXFrameworksBuildPhase section */

/* Begin PBXGroup section */
		153920851F16CF35006F4A0C = {
			isa = PBXGroup;
			children = (
				153920901F16CF35006F4A0C /* Personality Quiz */,
				1539208F1F16CF35006F4A0C /* Products */,
			);
			sourceTree = "<group>";
		};
		1539208F1F16CF35006F4A0C /* Products */ = {
			isa = PBXGroup;
			children = (
				1539208E1F16CF35006F4A0C /* Personality Quiz.app */,
			);
			name = Products;
			sourceTree = "<group>";
		};
		153920901F16CF35006F4A0C /* Personality Quiz */ = {
			isa = PBXGroup;
			children = (
				153920911F16CF35006F4A0C /* AppDelegate.swift */,
				153920931F16CF35006F4A0C /* ResultViewController.swift */,
				153920A71F1706CE006F4A0C /* QuestionsViewController.swift */,
				153920951F16CF35006F4A0C /* Main.storyboard */,
				153920A51F17068C006F4A0C /* IntroductionViewController.swift */,
				153920981F16CF35006F4A0C /* Assets.xcassets */,
				1539209A1F16CF35006F4A0C /* LaunchScreen.storyboard */,
				1539209D1F16CF35006F4A0C /* Info.plist */,
				153920A31F16CF7C006F4A0C /* ProjectNotes.txt */,
				1534AFC21F1D94CE00B7F270 /* QuestionData.swift */,
			);
			path = "Personality Quiz";
			sourceTree = "<group>";
		};
/* End PBXGroup section */

/* Begin PBXNativeTarget section */
		1539208D1F16CF35006F4A0C /* Personality Quiz */ = {
			isa = PBXNativeTarget;
			buildConfigurationList = 153920A01F16CF35006F4A0C /* Build configuration list for PBXNativeTarget "Personality Quiz" */;
			buildPhases = (
				1539208A1F16CF35006F4A0C /* Sources */,
				1539208B1F16CF35006F4A0C /* Frameworks */,
				1539208C1F16CF35006F4A0C /* Resources */,
			);
			buildRules = (
			);
			dependencies = (
			);
			name = "Personality Quiz";
			productName = "Personality Quiz";
			productReference = 1539208E1F16CF35006F4A0C /* Personality Quiz.app */;
			productType = "com.apple.product-type.application";
		};
/* End PBXNativeTarget section */

/* Begin PBXProject section */
		153920861F16CF35006F4A0C /* Project object */ = {
			isa = PBXProject;
			attributes = {
				LastSwiftUpdateCheck = 0830;
				LastUpgradeCheck = 0830;
				ORGANIZATIONNAME = StevenYbarra;
				TargetAttributes = {
					1539208D1F16CF35006F4A0C = {
						CreatedOnToolsVersion = 8.3.2;
						DevelopmentTeam = ABW7893S6G;
						ProvisioningStyle = Automatic;
					};
				};
			};
			buildConfigurationList = 153920891F16CF35006F4A0C /* Build configuration list for PBXProject "Personality Quiz" */;
			compatibilityVersion = "Xcode 3.2";
			developmentRegion = English;
			hasScannedForEncodings = 0;
			knownRegions = (
				en,
				Base,
			);
			mainGroup = 153920851F16CF35006F4A0C;
			productRefGroup = 1539208F1F16CF35006F4A0C /* Products */;
			projectDirPath = "";
			projectRoot = "";
			targets = (
				1539208D1F16CF35006F4A0C /* Personality Quiz */,
			);
		};
/* End PBXProject section */

/* Begin PBXResourcesBuildPhase section */
		1539208C1F16CF35006F4A0C /* Resources */ = {
			isa = PBXResourcesBuildPhase;
			buildActionMask = 2147483647;
			files = (
				153920A41F16CF7C006F4A0C /* ProjectNotes.txt in Resources */,
				1539209C1F16CF35006F4A0C /* LaunchScreen.storyboard in Resources */,
				153920991F16CF35006F4A0C /* Assets.xcassets in Resources */,
				153920971F16CF35006F4A0C /* Main.storyboard in Resources */,
			);
			runOnlyForDeploymentPostprocessing = 0;
		};
/* End PBXResourcesBuildPhase section */

/* Begin PBXSourcesBuildPhase section */
		1539208A1F16CF35006F4A0C /* Sources */ = {
			isa = PBXSourcesBuildPhase;
			buildActionMask = 2147483647;
			files = (
				153920941F16CF35006F4A0C /* ResultViewController.swift in Sources */,
				153920A61F17068C006F4A0C /* IntroductionViewController.swift in Sources */,
				1534AFC31F1D94CE00B7F270 /* QuestionData.swift in Sources */,
				153920921F16CF35006F4A0C /* AppDelegate.swift in Sources */,
				153920A81F1706CE006F4A0C /* QuestionsViewController.swift in Sources */,
			);
			runOnlyForDeploymentPostprocessing = 0;
		};
/* End PBXSourcesBuildPhase section */

/* Begin PBXVariantGroup section */
		153920951F16CF35006F4A0C /* Main.storyboard */ = {
			isa = PBXVariantGroup;
			children = (
				153920961F16CF35006F4A0C /* Base */,
			);
			name = Main.storyboard;
			sourceTree = "<group>";
		};
		1539209A1F16CF35006F4A0C /* LaunchScreen.storyboard */ = {
			isa = PBXVariantGroup;
			children = (
				1539209B1F16CF35006F4A0C /* Base */,
			);
			name = LaunchScreen.storyboard;
			sourceTree = "<group>";
		};
/* End PBXVariantGroup section */

/* Begin XCBuildConfiguration section */
		1539209E1F16CF35006F4A0C /* Debug */ = {
			isa = XCBuildConfiguration;
			buildSettings = {
				ALWAYS_SEARCH_USER_PATHS = NO;
				CLANG_ANALYZER_NONNULL = YES;
				CLANG_ANALYZER_NUMBER_OBJECT_CONVERSION = YES_AGGRESSIVE;
				CLANG_CXX_LANGUAGE_STANDARD = "gnu++0x";
				CLANG_CXX_LIBRARY = "libc++";
				CLANG_ENABLE_MODULES = YES;
				CLANG_ENABLE_OBJC_ARC = YES;
				CLANG_WARN_BOOL_CONVERSION = YES;
				CLANG_WARN_CONSTANT_CONVERSION = YES;
				CLANG_WARN_DIRECT_OBJC_ISA_USAGE = YES_ERROR;
				CLANG_WARN_DOCUMENTATION_COMMENTS = YES;
				CLANG_WARN_EMPTY_BODY = YES;
				CLANG_WARN_ENUM_CONVERSION = YES;
				CLANG_WARN_INFINITE_RECURSION = YES;
				CLANG_WARN_INT_CONVERSION = YES;
				CLANG_WARN_OBJC_ROOT_CLASS = YES_ERROR;
				CLANG_WARN_SUSPICIOUS_MOVE = YES;
				CLANG_WARN_UNREACHABLE_CODE = YES;
				CLANG_WARN__DUPLICATE_METHOD_MATCH = YES;
				"CODE_SIGN_IDENTITY[sdk=iphoneos*]" = "iPhone Developer";
				COPY_PHASE_STRIP = NO;
				DEBUG_INFORMATION_FORMAT = dwarf;
				ENABLE_STRICT_OBJC_MSGSEND = YES;
				ENABLE_TESTABILITY = YES;
				GCC_C_LANGUAGE_STANDARD = gnu99;
				GCC_DYNAMIC_NO_PIC = NO;
				GCC_NO_COMMON_BLOCKS = YES;
				GCC_OPTIMIZATION_LEVEL = 0;
				GCC_PREPROCESSOR_DEFINITIONS = (
					"DEBUG=1",
					"$(inherited)",
				);
				GCC_WARN_64_TO_32_BIT_CONVERSION = YES;
				GCC_WARN_ABOUT_RETURN_TYPE = YES_ERROR;
				GCC_WARN_UNDECLARED_SELECTOR = YES;
				GCC_WARN_UNINITIALIZED_AUTOS = YES_AGGRESSIVE;
				GCC_WARN_UNUSED_FUNCTION = YES;
				GCC_WARN_UNUSED_VARIABLE = YES;
				IPHONEOS_DEPLOYMENT_TARGET = 10.3;
				MTL_ENABLE_DEBUG_INFO = YES;
				ONLY_ACTIVE_ARCH = YES;
				SDKROOT = iphoneos;
				SWIFT_ACTIVE_COMPILATION_CONDITIONS = DEBUG;
				SWIFT_OPTIMIZATION_LEVEL = "-Onone";
				TARGETED_DEVICE_FAMILY = "1,2";
			};
			name = Debug;
		};
		1539209F1F16CF35006F4A0C /* Release */ = {
			isa = XCBuildConfiguration;
			buildSettings = {
				ALWAYS_SEARCH_USER_PATHS = NO;
				CLANG_ANALYZER_NONNULL = YES;
				CLANG_ANALYZER_NUMBER_OBJECT_CONVERSION = YES_AGGRESSIVE;
				CLANG_CXX_LANGUAGE_STANDARD = "gnu++0x";
				CLANG_CXX_LIBRARY = "libc++";
				CLANG_ENABLE_MODULES = YES;
				CLANG_ENABLE_OBJC_ARC = YES;
				CLANG_WARN_BOOL_CONVERSION = YES;
				CLANG_WARN_CONSTANT_CONVERSION = YES;
				CLANG_WARN_DIRECT_OBJC_ISA_USAGE = YES_ERROR;
				CLANG_WARN_DOCUMENTATION_COMMENTS = YES;
				CLANG_WARN_EMPTY_BODY = YES;
				CLANG_WARN_ENUM_CONVERSION = YES;
				CLANG_WARN_INFINITE_RECURSION = YES;
				CLANG_WARN_INT_CONVERSION = YES;
				CLANG_WARN_OBJC_ROOT_CLASS = YES_ERROR;
				CLANG_WARN_SUSPICIOUS_MOVE = YES;
				CLANG_WARN_UNREACHABLE_CODE = YES;
				CLANG_WARN__DUPLICATE_METHOD_MATCH = YES;
				"CODE_SIGN_IDENTITY[sdk=iphoneos*]" = "iPhone Developer";
				COPY_PHASE_STRIP = NO;
				DEBUG_INFORMATION_FORMAT = "dwarf-with-dsym";
				ENABLE_NS_ASSERTIONS = NO;
				ENABLE_STRICT_OBJC_MSGSEND = YES;
				GCC_C_LANGUAGE_STANDARD = gnu99;
				GCC_NO_COMMON_BLOCKS = YES;
				GCC_WARN_64_TO_32_BIT_CONVERSION = YES;
				GCC_WARN_ABOUT_RETURN_TYPE = YES_ERROR;
				GCC_WARN_UNDECLARED_SELECTOR = YES;
				GCC_WARN_UNINITIALIZED_AUTOS = YES_AGGRESSIVE;
				GCC_WARN_UNUSED_FUNCTION = YES;
				GCC_WARN_UNUSED_VARIABLE = YES;
				IPHONEOS_DEPLOYMENT_TARGET = 10.3;
				MTL_ENABLE_DEBUG_INFO = NO;
				SDKROOT = iphoneos;
				SWIFT_OPTIMIZATION_LEVEL = "-Owholemodule";
				TARGETED_DEVICE_FAMILY = "1,2";
				VALIDATE_PRODUCT = YES;
			};
			name = Release;
		};
		153920A11F16CF35006F4A0C /* Debug */ = {
			isa = XCBuildConfiguration;
			buildSettings = {
				ASSETCATALOG_COMPILER_APPICON_NAME = AppIcon;
				DEVELOPMENT_TEAM = ABW7893S6G;
				INFOPLIST_FILE = "Personality Quiz/Info.plist";
				LD_RUNPATH_SEARCH_PATHS = "$(inherited) @executable_path/Frameworks";
				PRODUCT_BUNDLE_IDENTIFIER = "com.example.Personality-Quiz";
				PRODUCT_NAME = "$(TARGET_NAME)";
				SWIFT_VERSION = 3.0;
			};
			name = Debug;
		};
		153920A21F16CF35006F4A0C /* Release */ = {
			isa = XCBuildConfiguration;
			buildSettings = {
				ASSETCATALOG_COMPILER_APPICON_NAME = AppIcon;
				DEVELOPMENT_TEAM = ABW7893S6G;
				INFOPLIST_FILE = "Personality Quiz/Info.plist";
				LD_RUNPATH_SEARCH_PATHS = "$(inherited) @executable_path/Frameworks";
				PRODUCT_BUNDLE_IDENTIFIER = "com.example.Personality-Quiz";
				PRODUCT_NAME = "$(TARGET_NAME)";
				SWIFT_VERSION = 3.0;
			};
			name = Release;
		};
/* End XCBuildConfiguration section */

/* Begin XCConfigurationList section */
		153920891F16CF35006F4A0C /* Build configuration list for PBXProject "Personality Quiz" */ = {
			isa = XCConfigurationList;
			buildConfigurations = (
				1539209E1F16CF35006F4A0C /* Debug */,
				1539209F1F16CF35006F4A0C /* Release */,
			);
			defaultConfigurationIsVisible = 0;
			defaultConfigurationName = Release;
		};
		153920A01F16CF35006F4A0C /* Build configuration list for PBXNativeTarget "Personality Quiz" */ = {
			isa = XCConfigurationList;
			buildConfigurations = (
				153920A11F16CF35006F4A0C /* Debug */,
				153920A21F16CF35006F4A0C /* Release */,
			);
			defaultConfigurationIsVisible = 0;
			defaultConfigurationName = Release;
		};
/* End XCConfigurationList section */
	};
	rootObject = 153920861F16CF35006F4A0C /* Project object */;
}
