// !$*UTF8*$!
{
	archiveVersion = 1;
	classes = {
	};
	objectVersion = 46;
	objects = {

/* Begin PBXBuildFile section */
		1539202C1F1328CE006F4A0C /* AppDelegate.swift in Sources */ = {isa = PBXBuildFile; fileRef = 1539202B1F1328CE006F4A0C /* AppDelegate.swift */; };
		1539202E1F1328CE006F4A0C /* ViewController.swift in Sources */ = {isa = PBXBuildFile; fileRef = 1539202D1F1328CE006F4A0C /* ViewController.swift */; };
		153920311F1328CE006F4A0C /* Main.storyboard in Resources */ = {isa = PBXBuildFile; fileRef = 1539202F1F1328CE006F4A0C /* Main.storyboard */; };
		153920331F1328CE006F4A0C /* Assets.xcassets in Resources */ = {isa = PBXBuildFile; fileRef = 153920321F1328CE006F4A0C /* Assets.xcassets */; };
		153920361F1328CE006F4A0C /* LaunchScreen.storyboard in Resources */ = {isa = PBXBuildFile; fileRef = 153920341F1328CE006F4A0C /* LaunchScreen.storyboard */; };
		1539203E1F133773006F4A0C /* BioViewController.swift in Sources */ = {isa = PBXBuildFile; fileRef = 1539203D1F133773006F4A0C /* BioViewController.swift */; };
		153920401F1337A2006F4A0C /* FamilyViewController.swift in Sources */ = {isa = PBXBuildFile; fileRef = 1539203F1F1337A2006F4A0C /* FamilyViewController.swift */; };
		153920421F1337AF006F4A0C /* GoalsViewController.swift in Sources */ = {isa = PBXBuildFile; fileRef = 153920411F1337AF006F4A0C /* GoalsViewController.swift */; };
/* End PBXBuildFile section */

/* Begin PBXFileReference section */
		153920281F1328CE006F4A0C /* AboutMe.app */ = {isa = PBXFileReference; explicitFileType = wrapper.application; includeInIndex = 0; path = AboutMe.app; sourceTree = BUILT_PRODUCTS_DIR; };
		1539202B1F1328CE006F4A0C /* AppDelegate.swift */ = {isa = PBXFileReference; lastKnownFileType = sourcecode.swift; path = AppDelegate.swift; sourceTree = "<group>"; };
		1539202D1F1328CE006F4A0C /* ViewController.swift */ = {isa = PBXFileReference; lastKnownFileType = sourcecode.swift; path = ViewController.swift; sourceTree = "<group>"; };
		153920301F1328CE006F4A0C /* Base */ = {isa = PBXFileReference; lastKnownFileType = file.storyboard; name = Base; path = Base.lproj/Main.storyboard; sourceTree = "<group>"; };
		153920321F1328CE006F4A0C /* Assets.xcassets */ = {isa = PBXFileReference; lastKnownFileType = folder.assetcatalog; path = Assets.xcassets; sourceTree = "<group>"; };
		153920351F1328CE006F4A0C /* Base */ = {isa = PBXFileReference; lastKnownFileType = file.storyboard; name = Base; path = Base.lproj/LaunchScreen.storyboard; sourceTree = "<group>"; };
		153920371F1328CE006F4A0C /* Info.plist */ = {isa = PBXFileReference; lastKnownFileType = text.plist.xml; path = Info.plist; sourceTree = "<group>"; };
		1539203D1F133773006F4A0C /* BioViewController.swift */ = {isa = PBXFileReference; fileEncoding = 4; lastKnownFileType = sourcecode.swift; path = BioViewController.swift; sourceTree = "<group>"; };
		1539203F1F1337A2006F4A0C /* FamilyViewController.swift */ = {isa = PBXFileReference; fileEncoding = 4; lastKnownFileType = sourcecode.swift; path = FamilyViewController.swift; sourceTree = "<group>"; };
		153920411F1337AF006F4A0C /* GoalsViewController.swift */ = {isa = PBXFileReference; fileEncoding = 4; lastKnownFileType = sourcecode.swift; path = GoalsViewController.swift; sourceTree = "<group>"; };
/* End PBXFileReference section */

/* Begin PBXFrameworksBuildPhase section */
		153920251F1328CE006F4A0C /* Frameworks */ = {
			isa = PBXFrameworksBuildPhase;
			buildActionMask = 2147483647;
			files = (
			);
			runOnlyForDeploymentPostprocessing = 0;
		};
/* End PBXFrameworksBuildPhase section */

/* Begin PBXGroup section */
		1539201F1F1328CE006F4A0C = {
			isa = PBXGroup;
			children = (
				1539202A1F1328CE006F4A0C /* AboutMe */,
				153920291F1328CE006F4A0C /* Products */,
			);
			sourceTree = "<group>";
		};
		153920291F1328CE006F4A0C /* Products */ = {
			isa = PBXGroup;
			children = (
				153920281F1328CE006F4A0C /* AboutMe.app */,
			);
			name = Products;
			sourceTree = "<group>";
		};
		1539202A1F1328CE006F4A0C /* AboutMe */ = {
			isa = PBXGroup;
			children = (
				1539202B1F1328CE006F4A0C /* AppDelegate.swift */,
				1539202D1F1328CE006F4A0C /* ViewController.swift */,
				1539202F1F1328CE006F4A0C /* Main.storyboard */,
				153920321F1328CE006F4A0C /* Assets.xcassets */,
				153920341F1328CE006F4A0C /* LaunchScreen.storyboard */,
				153920371F1328CE006F4A0C /* Info.plist */,
				1539203D1F133773006F4A0C /* BioViewController.swift */,
				1539203F1F1337A2006F4A0C /* FamilyViewController.swift */,
				153920411F1337AF006F4A0C /* GoalsViewController.swift */,
			);
			path = AboutMe;
			sourceTree = "<group>";
		};
/* End PBXGroup section */

/* Begin PBXNativeTarget section */
		153920271F1328CE006F4A0C /* AboutMe */ = {
			isa = PBXNativeTarget;
			buildConfigurationList = 1539203A1F1328CE006F4A0C /* Build configuration list for PBXNativeTarget "AboutMe" */;
			buildPhases = (
				153920241F1328CE006F4A0C /* Sources */,
				153920251F1328CE006F4A0C /* Frameworks */,
				153920261F1328CE006F4A0C /* Resources */,
			);
			buildRules = (
			);
			dependencies = (
			);
			name = AboutMe;
			productName = AboutMe;
			productReference = 153920281F1328CE006F4A0C /* AboutMe.app */;
			productType = "com.apple.product-type.application";
		};
/* End PBXNativeTarget section */

/* Begin PBXProject section */
		153920201F1328CE006F4A0C /* Project object */ = {
			isa = PBXProject;
			attributes = {
				LastSwiftUpdateCheck = 0830;
				LastUpgradeCheck = 0830;
				ORGANIZATIONNAME = StevenYbarra;
				TargetAttributes = {
					153920271F1328CE006F4A0C = {
						CreatedOnToolsVersion = 8.3.2;
						DevelopmentTeam = ABW7893S6G;
						ProvisioningStyle = Automatic;
					};
				};
			};
			buildConfigurationList = 153920231F1328CE006F4A0C /* Build configuration list for PBXProject "AboutMe" */;
			compatibilityVersion = "Xcode 3.2";
			developmentRegion = English;
			hasScannedForEncodings = 0;
			knownRegions = (
				en,
				Base,
			);
			mainGroup = 1539201F1F1328CE006F4A0C;
			productRefGroup = 153920291F1328CE006F4A0C /* Products */;
			projectDirPath = "";
			projectRoot = "";
			targets = (
				153920271F1328CE006F4A0C /* AboutMe */,
			);
		};
/* End PBXProject section */

/* Begin PBXResourcesBuildPhase section */
		153920261F1328CE006F4A0C /* Resources */ = {
			isa = PBXResourcesBuildPhase;
			buildActionMask = 2147483647;
			files = (
				153920361F1328CE006F4A0C /* LaunchScreen.storyboard in Resources */,
				153920331F1328CE006F4A0C /* Assets.xcassets in Resources */,
				153920311F1328CE006F4A0C /* Main.storyboard in Resources */,
			);
			runOnlyForDeploymentPostprocessing = 0;
		};
/* End PBXResourcesBuildPhase section */

/* Begin PBXSourcesBuildPhase section */
		153920241F1328CE006F4A0C /* Sources */ = {
			isa = PBXSourcesBuildPhase;
			buildActionMask = 2147483647;
			files = (
				1539202E1F1328CE006F4A0C /* ViewController.swift in Sources */,
				1539203E1F133773006F4A0C /* BioViewController.swift in Sources */,
				153920401F1337A2006F4A0C /* FamilyViewController.swift in Sources */,
				1539202C1F1328CE006F4A0C /* AppDelegate.swift in Sources */,
				153920421F1337AF006F4A0C /* GoalsViewController.swift in Sources */,
			);
			runOnlyForDeploymentPostprocessing = 0;
		};
/* End PBXSourcesBuildPhase section */

/* Begin PBXVariantGroup section */
		1539202F1F1328CE006F4A0C /* Main.storyboard */ = {
			isa = PBXVariantGroup;
			children = (
				153920301F1328CE006F4A0C /* Base */,
			);
			name = Main.storyboard;
			sourceTree = "<group>";
		};
		153920341F1328CE006F4A0C /* LaunchScreen.storyboard */ = {
			isa = PBXVariantGroup;
			children = (
				153920351F1328CE006F4A0C /* Base */,
			);
			name = LaunchScreen.storyboard;
			sourceTree = "<group>";
		};
/* End PBXVariantGroup section */

/* Begin XCBuildConfiguration section */
		153920381F1328CE006F4A0C /* Debug */ = {
			isa = XCBuildConfiguration;
			buildSettings = {
				ALWAYS_SEARCH_USER_PATHS = NO;
				CLANG_ANALYZER_NONNULL = YES;
				CLANG_ANALYZER_NUMBER_OBJECT_CONVERSION = YES_AGGRESSIVE;
				CLANG_CXX_LANGUAGE_STANDARD = "gnu++0x";
				CLANG_CXX_LIBRARY = "libc++";
				CLANG_ENABLE_MODULES = YES;
				CLANG_ENABLE_OBJC_ARC = YES;
				CLANG_WARN_BOOL_CONVERSION = YES;
				CLANG_WARN_CONSTANT_CONVERSION = YES;
				CLANG_WARN_DIRECT_OBJC_ISA_USAGE = YES_ERROR;
				CLANG_WARN_DOCUMENTATION_COMMENTS = YES;
				CLANG_WARN_EMPTY_BODY = YES;
				CLANG_WARN_ENUM_CONVERSION = YES;
				CLANG_WARN_INFINITE_RECURSION = YES;
				CLANG_WARN_INT_CONVERSION = YES;
				CLANG_WARN_OBJC_ROOT_CLASS = YES_ERROR;
				CLANG_WARN_SUSPICIOUS_MOVE = YES;
				CLANG_WARN_UNREACHABLE_CODE = YES;
				CLANG_WARN__DUPLICATE_METHOD_MATCH = YES;
				"CODE_SIGN_IDENTITY[sdk=iphoneos*]" = "iPhone Developer";
				COPY_PHASE_STRIP = NO;
				DEBUG_INFORMATION_FORMAT = dwarf;
				ENABLE_STRICT_OBJC_MSGSEND = YES;
				ENABLE_TESTABILITY = YES;
				GCC_C_LANGUAGE_STANDARD = gnu99;
				GCC_DYNAMIC_NO_PIC = NO;
				GCC_NO_COMMON_BLOCKS = YES;
				GCC_OPTIMIZATION_LEVEL = 0;
				GCC_PREPROCESSOR_DEFINITIONS = (
					"DEBUG=1",
					"$(inherited)",
				);
				GCC_WARN_64_TO_32_BIT_CONVERSION = YES;
				GCC_WARN_ABOUT_RETURN_TYPE = YES_ERROR;
				GCC_WARN_UNDECLARED_SELECTOR = YES;
				GCC_WARN_UNINITIALIZED_AUTOS = YES_AGGRESSIVE;
				GCC_WARN_UNUSED_FUNCTION = YES;
				GCC_WARN_UNUSED_VARIABLE = YES;
				IPHONEOS_DEPLOYMENT_TARGET = 10.3;
				MTL_ENABLE_DEBUG_INFO = YES;
				ONLY_ACTIVE_ARCH = YES;
				SDKROOT = iphoneos;
				SWIFT_ACTIVE_COMPILATION_CONDITIONS = DEBUG;
				SWIFT_OPTIMIZATION_LEVEL = "-Onone";
				TARGETED_DEVICE_FAMILY = "1,2";
			};
			name = Debug;
		};
		153920391F1328CE006F4A0C /* Release */ = {
			isa = XCBuildConfiguration;
			buildSettings = {
				ALWAYS_SEARCH_USER_PATHS = NO;
				CLANG_ANALYZER_NONNULL = YES;
				CLANG_ANALYZER_NUMBER_OBJECT_CONVERSION = YES_AGGRESSIVE;
				CLANG_CXX_LANGUAGE_STANDARD = "gnu++0x";
				CLANG_CXX_LIBRARY = "libc++";
				CLANG_ENABLE_MODULES = YES;
				CLANG_ENABLE_OBJC_ARC = YES;
				CLANG_WARN_BOOL_CONVERSION = YES;
				CLANG_WARN_CONSTANT_CONVERSION = YES;
				CLANG_WARN_DIRECT_OBJC_ISA_USAGE = YES_ERROR;
				CLANG_WARN_DOCUMENTATION_COMMENTS = YES;
				CLANG_WARN_EMPTY_BODY = YES;
				CLANG_WARN_ENUM_CONVERSION = YES;
				CLANG_WARN_INFINITE_RECURSION = YES;
				CLANG_WARN_INT_CONVERSION = YES;
				CLANG_WARN_OBJC_ROOT_CLASS = YES_ERROR;
				CLANG_WARN_SUSPICIOUS_MOVE = YES;
				CLANG_WARN_UNREACHABLE_CODE = YES;
				CLANG_WARN__DUPLICATE_METHOD_MATCH = YES;
				"CODE_SIGN_IDENTITY[sdk=iphoneos*]" = "iPhone Developer";
				COPY_PHASE_STRIP = NO;
				DEBUG_INFORMATION_FORMAT = "dwarf-with-dsym";
				ENABLE_NS_ASSERTIONS = NO;
				ENABLE_STRICT_OBJC_MSGSEND = YES;
				GCC_C_LANGUAGE_STANDARD = gnu99;
				GCC_NO_COMMON_BLOCKS = YES;
				GCC_WARN_64_TO_32_BIT_CONVERSION = YES;
				GCC_WARN_ABOUT_RETURN_TYPE = YES_ERROR;
				GCC_WARN_UNDECLARED_SELECTOR = YES;
				GCC_WARN_UNINITIALIZED_AUTOS = YES_AGGRESSIVE;
				GCC_WARN_UNUSED_FUNCTION = YES;
				GCC_WARN_UNUSED_VARIABLE = YES;
				IPHONEOS_DEPLOYMENT_TARGET = 10.3;
				MTL_ENABLE_DEBUG_INFO = NO;
				SDKROOT = iphoneos;
				SWIFT_OPTIMIZATION_LEVEL = "-Owholemodule";
				TARGETED_DEVICE_FAMILY = "1,2";
				VALIDATE_PRODUCT = YES;
			};
			name = Release;
		};
		1539203B1F1328CE006F4A0C /* Debug */ = {
			isa = XCBuildConfiguration;
			buildSettings = {
				ASSETCATALOG_COMPILER_APPICON_NAME = AppIcon;
				DEVELOPMENT_TEAM = ABW7893S6G;
				INFOPLIST_FILE = AboutMe/Info.plist;
				LD_RUNPATH_SEARCH_PATHS = "$(inherited) @executable_path/Frameworks";
				PRODUCT_BUNDLE_IDENTIFIER = com.example.AboutMe;
				PRODUCT_NAME = "$(TARGET_NAME)";
				SWIFT_VERSION = 3.0;
			};
			name = Debug;
		};
		1539203C1F1328CE006F4A0C /* Release */ = {
			isa = XCBuildConfiguration;
			buildSettings = {
				ASSETCATALOG_COMPILER_APPICON_NAME = AppIcon;
				DEVELOPMENT_TEAM = ABW7893S6G;
				INFOPLIST_FILE = AboutMe/Info.plist;
				LD_RUNPATH_SEARCH_PATHS = "$(inherited) @executable_path/Frameworks";
				PRODUCT_BUNDLE_IDENTIFIER = com.example.AboutMe;
				PRODUCT_NAME = "$(TARGET_NAME)";
				SWIFT_VERSION = 3.0;
			};
			name = Release;
		};
/* End XCBuildConfiguration section */

/* Begin XCConfigurationList section */
		153920231F1328CE006F4A0C /* Build configuration list for PBXProject "AboutMe" */ = {
			isa = XCConfigurationList;
			buildConfigurations = (
				153920381F1328CE006F4A0C /* Debug */,
				153920391F1328CE006F4A0C /* Release */,
			);
			defaultConfigurationIsVisible = 0;
			defaultConfigurationName = Release;
		};
		1539203A1F1328CE006F4A0C /* Build configuration list for PBXNativeTarget "AboutMe" */ = {
			isa = XCConfigurationList;
			buildConfigurations = (
				1539203B1F1328CE006F4A0C /* Debug */,
				1539203C1F1328CE006F4A0C /* Release */,
			);
			defaultConfigurationIsVisible = 0;
		};
/* End XCConfigurationList section */
	};
	rootObject = 153920201F1328CE006F4A0C /* Project object */;
}
